
Microsoft Visual Studio Solution File, Format Version 12.00
# Visual Studio Version 17
VisualStudioVersion = 17.13.35806.99 d17.13
MinimumVisualStudioVersion = 10.0.40219.1
Project("{FAE04EC0-301F-11D3-BF4B-00C04F79EFBC}") = "Greenops", "Greenops.csproj", "{CE1C3E02-80F6-4309-AF11-6AD9A7284AA3}"
EndProject
Global
	GlobalSection(SolutionConfigurationPlatforms) = preSolution
		Debug|Any CPU = Debug|Any CPU
		Release|Any CPU = Release|Any CPU
	EndGlobalSection
	GlobalSection(ProjectConfigurationPlatforms) = postSolution
		{CE1C3E02-80F6-4309-AF11-6AD9A7284AA3}.Debug|Any CPU.ActiveCfg = Debug|Any CPU
		{CE1C3E02-80F6-4309-AF11-6AD9A7284AA3}.Debug|Any CPU.Build.0 = Debug|Any CPU
		{CE1C3E02-80F6-4309-AF11-6AD9A7284AA3}.Release|Any CPU.ActiveCfg = Release|Any CPU
		{CE1C3E02-80F6-4309-AF11-6AD9A7284AA3}.Release|Any CPU.Build.0 = Release|Any CPU
	EndGlobalSection
	GlobalSection(SolutionProperties) = preSolution
		HideSolutionNode = FALSE
	EndGlobalSection
	GlobalSection(ExtensibilityGlobals) = postSolution
		SolutionGuid = {9F885205-5FFF-40DD-A966-89BE2F07F2D6}
	EndGlobalSection
EndGlobal
